// !$*UTF8*$!
{
	archiveVersion = 1;
	classes = {
	};
	objectVersion = 46;
	objects = {

/* Begin PBXBuildFile section */
		1F3935341CBF31F500057BB1 /* Constants.swift in Sources */ = {isa = PBXBuildFile; fileRef = 1F3935331CBF31F500057BB1 /* Constants.swift */; };
		1F3935361CBF336A00057BB1 /* NodeExtensionView.swift in Sources */ = {isa = PBXBuildFile; fileRef = 1F3935351CBF336A00057BB1 /* NodeExtensionView.swift */; };
		1F5C806B1CC0E73B00122AD2 /* OuterSettingsVCViewController.swift in Sources */ = {isa = PBXBuildFile; fileRef = 1F5C806A1CC0E73B00122AD2 /* OuterSettingsVCViewController.swift */; };
		1F63A3AC1CB22BDD006FA3F2 /* AppDelegate.swift in Sources */ = {isa = PBXBuildFile; fileRef = 1F63A3AB1CB22BDD006FA3F2 /* AppDelegate.swift */; };
		1F63A3AE1CB22BDD006FA3F2 /* ViewController.swift in Sources */ = {isa = PBXBuildFile; fileRef = 1F63A3AD1CB22BDD006FA3F2 /* ViewController.swift */; };
		1F63A3B11CB22BDD006FA3F2 /* Main.storyboard in Resources */ = {isa = PBXBuildFile; fileRef = 1F63A3AF1CB22BDD006FA3F2 /* Main.storyboard */; };
		1F63A3B31CB22BDD006FA3F2 /* Assets.xcassets in Resources */ = {isa = PBXBuildFile; fileRef = 1F63A3B21CB22BDD006FA3F2 /* Assets.xcassets */; };
		1F63A3B61CB22BDD006FA3F2 /* LaunchScreen.storyboard in Resources */ = {isa = PBXBuildFile; fileRef = 1F63A3B41CB22BDD006FA3F2 /* LaunchScreen.storyboard */; };
		1F63A3C11CB22BDD006FA3F2 /* LSystem01Tests.swift in Sources */ = {isa = PBXBuildFile; fileRef = 1F63A3C01CB22BDD006FA3F2 /* LSystem01Tests.swift */; };
		1F63A3CE1CB3B53E006FA3F2 /* NodeAbstraction.swift in Sources */ = {isa = PBXBuildFile; fileRef = 1F63A3CD1CB3B53E006FA3F2 /* NodeAbstraction.swift */; };
		1F6AA6041CB7B1D30002579A /* Knob.swift in Sources */ = {isa = PBXBuildFile; fileRef = 1F6AA6031CB7B1D30002579A /* Knob.swift */; };
/* End PBXBuildFile section */

/* Begin PBXContainerItemProxy section */
		1F63A3BD1CB22BDD006FA3F2 /* PBXContainerItemProxy */ = {
			isa = PBXContainerItemProxy;
			containerPortal = 1F63A3A01CB22BDC006FA3F2 /* Project object */;
			proxyType = 1;
			remoteGlobalIDString = 1F63A3A71CB22BDC006FA3F2;
			remoteInfo = LSystem01;
		};
/* End PBXContainerItemProxy section */

/* Begin PBXFileReference section */
		1F3935331CBF31F500057BB1 /* Constants.swift */ = {isa = PBXFileReference; fileEncoding = 4; lastKnownFileType = sourcecode.swift; path = Constants.swift; sourceTree = "<group>"; };
		1F3935351CBF336A00057BB1 /* NodeExtensionView.swift */ = {isa = PBXFileReference; fileEncoding = 4; lastKnownFileType = sourcecode.swift; path = NodeExtensionView.swift; sourceTree = "<group>"; };
		1F5C806A1CC0E73B00122AD2 /* OuterSettingsVCViewController.swift */ = {isa = PBXFileReference; fileEncoding = 4; lastKnownFileType = sourcecode.swift; path = OuterSettingsVCViewController.swift; sourceTree = "<group>"; };
		1F63A3A81CB22BDC006FA3F2 /* LSystem01.app */ = {isa = PBXFileReference; explicitFileType = wrapper.application; includeInIndex = 0; path = LSystem01.app; sourceTree = BUILT_PRODUCTS_DIR; };
		1F63A3AB1CB22BDD006FA3F2 /* AppDelegate.swift */ = {isa = PBXFileReference; lastKnownFileType = sourcecode.swift; path = AppDelegate.swift; sourceTree = "<group>"; };
		1F63A3AD1CB22BDD006FA3F2 /* ViewController.swift */ = {isa = PBXFileReference; lastKnownFileType = sourcecode.swift; path = ViewController.swift; sourceTree = "<group>"; };
		1F63A3B01CB22BDD006FA3F2 /* Base */ = {isa = PBXFileReference; lastKnownFileType = file.storyboard; name = Base; path = Base.lproj/Main.storyboard; sourceTree = "<group>"; };
		1F63A3B21CB22BDD006FA3F2 /* Assets.xcassets */ = {isa = PBXFileReference; lastKnownFileType = folder.assetcatalog; path = Assets.xcassets; sourceTree = "<group>"; };
		1F63A3B51CB22BDD006FA3F2 /* Base */ = {isa = PBXFileReference; lastKnownFileType = file.storyboard; name = Base; path = Base.lproj/LaunchScreen.storyboard; sourceTree = "<group>"; };
		1F63A3B71CB22BDD006FA3F2 /* Info.plist */ = {isa = PBXFileReference; lastKnownFileType = text.plist.xml; path = Info.plist; sourceTree = "<group>"; };
		1F63A3BC1CB22BDD006FA3F2 /* LSystem01Tests.xctest */ = {isa = PBXFileReference; explicitFileType = wrapper.cfbundle; includeInIndex = 0; path = LSystem01Tests.xctest; sourceTree = BUILT_PRODUCTS_DIR; };
		1F63A3C01CB22BDD006FA3F2 /* LSystem01Tests.swift */ = {isa = PBXFileReference; lastKnownFileType = sourcecode.swift; path = LSystem01Tests.swift; sourceTree = "<group>"; };
		1F63A3C21CB22BDD006FA3F2 /* Info.plist */ = {isa = PBXFileReference; lastKnownFileType = text.plist.xml; path = Info.plist; sourceTree = "<group>"; };
		1F63A3CD1CB3B53E006FA3F2 /* NodeAbstraction.swift */ = {isa = PBXFileReference; fileEncoding = 4; lastKnownFileType = sourcecode.swift; path = NodeAbstraction.swift; sourceTree = "<group>"; };
		1F6AA6031CB7B1D30002579A /* Knob.swift */ = {isa = PBXFileReference; fileEncoding = 4; lastKnownFileType = sourcecode.swift; path = Knob.swift; sourceTree = "<group>"; };
/* End PBXFileReference section */

/* Begin PBXFrameworksBuildPhase section */
		1F63A3A51CB22BDC006FA3F2 /* Frameworks */ = {
			isa = PBXFrameworksBuildPhase;
			buildActionMask = 2147483647;
			files = (
			);
			runOnlyForDeploymentPostprocessing = 0;
		};
		1F63A3B91CB22BDD006FA3F2 /* Frameworks */ = {
			isa = PBXFrameworksBuildPhase;
			buildActionMask = 2147483647;
			files = (
			);
			runOnlyForDeploymentPostprocessing = 0;
		};
/* End PBXFrameworksBuildPhase section */

/* Begin PBXGroup section */
		1F63A39F1CB22BDC006FA3F2 = {
			isa = PBXGroup;
			children = (
				1F6AA6031CB7B1D30002579A /* Knob.swift */,
				1F63A3CD1CB3B53E006FA3F2 /* NodeAbstraction.swift */,
				1F3935331CBF31F500057BB1 /* Constants.swift */,
				1F63A3AA1CB22BDC006FA3F2 /* LSystem01 */,
				1F63A3BF1CB22BDD006FA3F2 /* LSystem01Tests */,
				1F63A3A91CB22BDC006FA3F2 /* Products */,
			);
			sourceTree = "<group>";
		};
		1F63A3A91CB22BDC006FA3F2 /* Products */ = {
			isa = PBXGroup;
			children = (
				1F63A3A81CB22BDC006FA3F2 /* LSystem01.app */,
				1F63A3BC1CB22BDD006FA3F2 /* LSystem01Tests.xctest */,
			);
			name = Products;
			sourceTree = "<group>";
		};
		1F63A3AA1CB22BDC006FA3F2 /* LSystem01 */ = {
			isa = PBXGroup;
			children = (
				1F63A3AB1CB22BDD006FA3F2 /* AppDelegate.swift */,
				1F63A3AD1CB22BDD006FA3F2 /* ViewController.swift */,
				1F5C806A1CC0E73B00122AD2 /* OuterSettingsVCViewController.swift */,
				1F3935351CBF336A00057BB1 /* NodeExtensionView.swift */,
				1F63A3AF1CB22BDD006FA3F2 /* Main.storyboard */,
				1F63A3B21CB22BDD006FA3F2 /* Assets.xcassets */,
				1F63A3B41CB22BDD006FA3F2 /* LaunchScreen.storyboard */,
				1F63A3B71CB22BDD006FA3F2 /* Info.plist */,
			);
			path = LSystem01;
			sourceTree = "<group>";
		};
		1F63A3BF1CB22BDD006FA3F2 /* LSystem01Tests */ = {
			isa = PBXGroup;
			children = (
				1F63A3C01CB22BDD006FA3F2 /* LSystem01Tests.swift */,
				1F63A3C21CB22BDD006FA3F2 /* Info.plist */,
			);
			path = LSystem01Tests;
			sourceTree = "<group>";
		};
/* End PBXGroup section */

/* Begin PBXNativeTarget section */
		1F63A3A71CB22BDC006FA3F2 /* LSystem01 */ = {
			isa = PBXNativeTarget;
			buildConfigurationList = 1F63A3C51CB22BDD006FA3F2 /* Build configuration list for PBXNativeTarget "LSystem01" */;
			buildPhases = (
				1F63A3A41CB22BDC006FA3F2 /* Sources */,
				1F63A3A51CB22BDC006FA3F2 /* Frameworks */,
				1F63A3A61CB22BDC006FA3F2 /* Resources */,
			);
			buildRules = (
			);
			dependencies = (
			);
			name = LSystem01;
			productName = LSystem01;
			productReference = 1F63A3A81CB22BDC006FA3F2 /* LSystem01.app */;
			productType = "com.apple.product-type.application";
		};
		1F63A3BB1CB22BDD006FA3F2 /* LSystem01Tests */ = {
			isa = PBXNativeTarget;
			buildConfigurationList = 1F63A3C81CB22BDD006FA3F2 /* Build configuration list for PBXNativeTarget "LSystem01Tests" */;
			buildPhases = (
				1F63A3B81CB22BDD006FA3F2 /* Sources */,
				1F63A3B91CB22BDD006FA3F2 /* Frameworks */,
				1F63A3BA1CB22BDD006FA3F2 /* Resources */,
			);
			buildRules = (
			);
			dependencies = (
				1F63A3BE1CB22BDD006FA3F2 /* PBXTargetDependency */,
			);
			name = LSystem01Tests;
			productName = LSystem01Tests;
			productReference = 1F63A3BC1CB22BDD006FA3F2 /* LSystem01Tests.xctest */;
			productType = "com.apple.product-type.bundle.unit-test";
		};
/* End PBXNativeTarget section */

/* Begin PBXProject section */
		1F63A3A01CB22BDC006FA3F2 /* Project object */ = {
			isa = PBXProject;
			attributes = {
				LastSwiftUpdateCheck = 0730;
				LastUpgradeCheck = 0730;
				ORGANIZATIONNAME = "Jeff Holtzkener";
				TargetAttributes = {
					1F63A3A71CB22BDC006FA3F2 = {
						CreatedOnToolsVersion = 7.3;
					};
					1F63A3BB1CB22BDD006FA3F2 = {
						CreatedOnToolsVersion = 7.3;
						TestTargetID = 1F63A3A71CB22BDC006FA3F2;
					};
				};
			};
			buildConfigurationList = 1F63A3A31CB22BDC006FA3F2 /* Build configuration list for PBXProject "LSystem01" */;
			compatibilityVersion = "Xcode 3.2";
			developmentRegion = English;
			hasScannedForEncodings = 0;
			knownRegions = (
				en,
				Base,
			);
			mainGroup = 1F63A39F1CB22BDC006FA3F2;
			productRefGroup = 1F63A3A91CB22BDC006FA3F2 /* Products */;
			projectDirPath = "";
			projectRoot = "";
			targets = (
				1F63A3A71CB22BDC006FA3F2 /* LSystem01 */,
				1F63A3BB1CB22BDD006FA3F2 /* LSystem01Tests */,
			);
		};
/* End PBXProject section */

/* Begin PBXResourcesBuildPhase section */
		1F63A3A61CB22BDC006FA3F2 /* Resources */ = {
			isa = PBXResourcesBuildPhase;
			buildActionMask = 2147483647;
			files = (
				1F63A3B61CB22BDD006FA3F2 /* LaunchScreen.storyboard in Resources */,
				1F63A3B31CB22BDD006FA3F2 /* Assets.xcassets in Resources */,
				1F63A3B11CB22BDD006FA3F2 /* Main.storyboard in Resources */,
			);
			runOnlyForDeploymentPostprocessing = 0;
		};
		1F63A3BA1CB22BDD006FA3F2 /* Resources */ = {
			isa = PBXResourcesBuildPhase;
			buildActionMask = 2147483647;
			files = (
			);
			runOnlyForDeploymentPostprocessing = 0;
		};
/* End PBXResourcesBuildPhase section */

/* Begin PBXSourcesBuildPhase section */
		1F63A3A41CB22BDC006FA3F2 /* Sources */ = {
			isa = PBXSourcesBuildPhase;
			buildActionMask = 2147483647;
			files = (
				1F3935341CBF31F500057BB1 /* Constants.swift in Sources */,
				1F63A3CE1CB3B53E006FA3F2 /* NodeAbstraction.swift in Sources */,
				1F63A3AE1CB22BDD006FA3F2 /* ViewController.swift in Sources */,
				1F63A3AC1CB22BDD006FA3F2 /* AppDelegate.swift in Sources */,
				1F5C806B1CC0E73B00122AD2 /* OuterSettingsVCViewController.swift in Sources */,
				1F3935361CBF336A00057BB1 /* NodeExtensionView.swift in Sources */,
				1F6AA6041CB7B1D30002579A /* Knob.swift in Sources */,
			);
			runOnlyForDeploymentPostprocessing = 0;
		};
		1F63A3B81CB22BDD006FA3F2 /* Sources */ = {
			isa = PBXSourcesBuildPhase;
			buildActionMask = 2147483647;
			files = (
				1F63A3C11CB22BDD006FA3F2 /* LSystem01Tests.swift in Sources */,
			);
			runOnlyForDeploymentPostprocessing = 0;
		};
/* End PBXSourcesBuildPhase section */

/* Begin PBXTargetDependency section */
		1F63A3BE1CB22BDD006FA3F2 /* PBXTargetDependency */ = {
			isa = PBXTargetDependency;
			target = 1F63A3A71CB22BDC006FA3F2 /* LSystem01 */;
			targetProxy = 1F63A3BD1CB22BDD006FA3F2 /* PBXContainerItemProxy */;
		};
/* End PBXTargetDependency section */

/* Begin PBXVariantGroup section */
		1F63A3AF1CB22BDD006FA3F2 /* Main.storyboard */ = {
			isa = PBXVariantGroup;
			children = (
				1F63A3B01CB22BDD006FA3F2 /* Base */,
			);
			name = Main.storyboard;
			sourceTree = "<group>";
		};
		1F63A3B41CB22BDD006FA3F2 /* LaunchScreen.storyboard */ = {
			isa = PBXVariantGroup;
			children = (
				1F63A3B51CB22BDD006FA3F2 /* Base */,
			);
			name = LaunchScreen.storyboard;
			sourceTree = "<group>";
		};
/* End PBXVariantGroup section */

/* Begin XCBuildConfiguration section */
		1F63A3C31CB22BDD006FA3F2 /* Debug */ = {
			isa = XCBuildConfiguration;
			buildSettings = {
				ALWAYS_SEARCH_USER_PATHS = NO;
				CLANG_ANALYZER_NONNULL = YES;
				CLANG_CXX_LANGUAGE_STANDARD = "gnu++0x";
				CLANG_CXX_LIBRARY = "libc++";
				CLANG_ENABLE_MODULES = YES;
				CLANG_ENABLE_OBJC_ARC = YES;
				CLANG_WARN_BOOL_CONVERSION = YES;
				CLANG_WARN_CONSTANT_CONVERSION = YES;
				CLANG_WARN_DIRECT_OBJC_ISA_USAGE = YES_ERROR;
				CLANG_WARN_EMPTY_BODY = YES;
				CLANG_WARN_ENUM_CONVERSION = YES;
				CLANG_WARN_INT_CONVERSION = YES;
				CLANG_WARN_OBJC_ROOT_CLASS = YES_ERROR;
				CLANG_WARN_UNREACHABLE_CODE = YES;
				CLANG_WARN__DUPLICATE_METHOD_MATCH = YES;
				"CODE_SIGN_IDENTITY[sdk=iphoneos*]" = "iPhone Developer";
				COPY_PHASE_STRIP = NO;
				DEBUG_INFORMATION_FORMAT = dwarf;
				ENABLE_STRICT_OBJC_MSGSEND = YES;
				ENABLE_TESTABILITY = YES;
				GCC_C_LANGUAGE_STANDARD = gnu99;
				GCC_DYNAMIC_NO_PIC = NO;
				GCC_NO_COMMON_BLOCKS = YES;
				GCC_OPTIMIZATION_LEVEL = 0;
				GCC_PREPROCESSOR_DEFINITIONS = (
					"DEBUG=1",
					"$(inherited)",
				);
				GCC_WARN_64_TO_32_BIT_CONVERSION = YES;
				GCC_WARN_ABOUT_RETURN_TYPE = YES_ERROR;
				GCC_WARN_UNDECLARED_SELECTOR = YES;
				GCC_WARN_UNINITIALIZED_AUTOS = YES_AGGRESSIVE;
				GCC_WARN_UNUSED_FUNCTION = YES;
				GCC_WARN_UNUSED_VARIABLE = YES;
				IPHONEOS_DEPLOYMENT_TARGET = 9.3;
				MTL_ENABLE_DEBUG_INFO = YES;
				ONLY_ACTIVE_ARCH = YES;
				SDKROOT = iphoneos;
				SWIFT_OPTIMIZATION_LEVEL = "-Onone";
				TARGETED_DEVICE_FAMILY = "1,2";
			};
			name = Debug;
		};
		1F63A3C41CB22BDD006FA3F2 /* Release */ = {
			isa = XCBuildConfiguration;
			buildSettings = {
				ALWAYS_SEARCH_USER_PATHS = NO;
				CLANG_ANALYZER_NONNULL = YES;
				CLANG_CXX_LANGUAGE_STANDARD = "gnu++0x";
				CLANG_CXX_LIBRARY = "libc++";
				CLANG_ENABLE_MODULES = YES;
				CLANG_ENABLE_OBJC_ARC = YES;
				CLANG_WARN_BOOL_CONVERSION = YES;
				CLANG_WARN_CONSTANT_CONVERSION = YES;
				CLANG_WARN_DIRECT_OBJC_ISA_USAGE = YES_ERROR;
				CLANG_WARN_EMPTY_BODY = YES;
				CLANG_WARN_ENUM_CONVERSION = YES;
				CLANG_WARN_INT_CONVERSION = YES;
				CLANG_WARN_OBJC_ROOT_CLASS = YES_ERROR;
				CLANG_WARN_UNREACHABLE_CODE = YES;
				CLANG_WARN__DUPLICATE_METHOD_MATCH = YES;
				"CODE_SIGN_IDENTITY[sdk=iphoneos*]" = "iPhone Developer";
				COPY_PHASE_STRIP = NO;
				DEBUG_INFORMATION_FORMAT = "dwarf-with-dsym";
				ENABLE_NS_ASSERTIONS = NO;
				ENABLE_STRICT_OBJC_MSGSEND = YES;
				GCC_C_LANGUAGE_STANDARD = gnu99;
				GCC_NO_COMMON_BLOCKS = YES;
				GCC_WARN_64_TO_32_BIT_CONVERSION = YES;
				GCC_WARN_ABOUT_RETURN_TYPE = YES_ERROR;
				GCC_WARN_UNDECLARED_SELECTOR = YES;
				GCC_WARN_UNINITIALIZED_AUTOS = YES_AGGRESSIVE;
				GCC_WARN_UNUSED_FUNCTION = YES;
				GCC_WARN_UNUSED_VARIABLE = YES;
				IPHONEOS_DEPLOYMENT_TARGET = 9.3;
				MTL_ENABLE_DEBUG_INFO = NO;
				SDKROOT = iphoneos;
				TARGETED_DEVICE_FAMILY = "1,2";
				VALIDATE_PRODUCT = YES;
			};
			name = Release;
		};
		1F63A3C61CB22BDD006FA3F2 /* Debug */ = {
			isa = XCBuildConfiguration;
			buildSettings = {
				ASSETCATALOG_COMPILER_APPICON_NAME = AppIcon;
				CLANG_ENABLE_MODULES = YES;
				INFOPLIST_FILE = LSystem01/Info.plist;
				LD_RUNPATH_SEARCH_PATHS = "$(inherited) @executable_path/Frameworks";
				PRODUCT_BUNDLE_IDENTIFIER = com.crashingbooth.LSystem01;
				PRODUCT_NAME = "$(TARGET_NAME)";
				SWIFT_OBJC_BRIDGING_HEADER = "LSystem01/LSystem01-Bridging-Header.h";
				SWIFT_OPTIMIZATION_LEVEL = "-Onone";
			};
			name = Debug;
		};
		1F63A3C71CB22BDD006FA3F2 /* Release */ = {
			isa = XCBuildConfiguration;
			buildSettings = {
				ASSETCATALOG_COMPILER_APPICON_NAME = AppIcon;
				CLANG_ENABLE_MODULES = YES;
				INFOPLIST_FILE = LSystem01/Info.plist;
				LD_RUNPATH_SEARCH_PATHS = "$(inherited) @executable_path/Frameworks";
				PRODUCT_BUNDLE_IDENTIFIER = com.crashingbooth.LSystem01;
				PRODUCT_NAME = "$(TARGET_NAME)";
				SWIFT_OBJC_BRIDGING_HEADER = "LSystem01/LSystem01-Bridging-Header.h";
			};
			name = Release;
		};
		1F63A3C91CB22BDD006FA3F2 /* Debug */ = {
			isa = XCBuildConfiguration;
			buildSettings = {
				BUNDLE_LOADER = "$(TEST_HOST)";
				INFOPLIST_FILE = LSystem01Tests/Info.plist;
				LD_RUNPATH_SEARCH_PATHS = "$(inherited) @executable_path/Frameworks @loader_path/Frameworks";
				PRODUCT_BUNDLE_IDENTIFIER = com.crashingbooth.LSystem01Tests;
				PRODUCT_NAME = "$(TARGET_NAME)";
				TEST_HOST = "$(BUILT_PRODUCTS_DIR)/LSystem01.app/LSystem01";
			};
			name = Debug;
		};
		1F63A3CA1CB22BDD006FA3F2 /* Release */ = {
			isa = XCBuildConfiguration;
			buildSettings = {
				BUNDLE_LOADER = "$(TEST_HOST)";
				INFOPLIST_FILE = LSystem01Tests/Info.plist;
				LD_RUNPATH_SEARCH_PATHS = "$(inherited) @executable_path/Frameworks @loader_path/Frameworks";
				PRODUCT_BUNDLE_IDENTIFIER = com.crashingbooth.LSystem01Tests;
				PRODUCT_NAME = "$(TARGET_NAME)";
				TEST_HOST = "$(BUILT_PRODUCTS_DIR)/LSystem01.app/LSystem01";
			};
			name = Release;
		};
/* End XCBuildConfiguration section */

/* Begin XCConfigurationList section */
		1F63A3A31CB22BDC006FA3F2 /* Build configuration list for PBXProject "LSystem01" */ = {
			isa = XCConfigurationList;
			buildConfigurations = (
				1F63A3C31CB22BDD006FA3F2 /* Debug */,
				1F63A3C41CB22BDD006FA3F2 /* Release */,
			);
			defaultConfigurationIsVisible = 0;
			defaultConfigurationName = Release;
		};
		1F63A3C51CB22BDD006FA3F2 /* Build configuration list for PBXNativeTarget "LSystem01" */ = {
			isa = XCConfigurationList;
			buildConfigurations = (
				1F63A3C61CB22BDD006FA3F2 /* Debug */,
				1F63A3C71CB22BDD006FA3F2 /* Release */,
			);
			defaultConfigurationIsVisible = 0;
			defaultConfigurationName = Release;
		};
		1F63A3C81CB22BDD006FA3F2 /* Build configuration list for PBXNativeTarget "LSystem01Tests" */ = {
			isa = XCConfigurationList;
			buildConfigurations = (
				1F63A3C91CB22BDD006FA3F2 /* Debug */,
				1F63A3CA1CB22BDD006FA3F2 /* Release */,
			);
			defaultConfigurationIsVisible = 0;
			defaultConfigurationName = Release;
		};
/* End XCConfigurationList section */
	};
	rootObject = 1F63A3A01CB22BDC006FA3F2 /* Project object */;
}
